{
  "lockfile_version": "1",
  "packages": {
    "bun@1": {
      "last_modified": "2023-11-09T21:23:13Z",
      "resolved": "github:NixOS/nixpkgs/1f37660f64a850233baab512c9b9bd83fb72be57#bun",
      "source": "devbox-search",
      "version": "1.0.11",
      "systems": {
        "aarch64-darwin": {
          "store_path": "/nix/store/h5n8rgpkmd64q9ykxgifki7zn8g5iq7d-bun-1.0.11"
        },
        "aarch64-linux": {
          "store_path": "/nix/store/2x7a9cgdcssfcg72fqz7yxqwacc169n9-bun-1.0.11"
        },
        "x86_64-linux": {
          "store_path": "/nix/store/zqprz2gxw7vn23hjzkzdkvvyr3yjs1y1-bun-1.0.11"
        }
      }
    },
    "flyctl@0.4.52": {
      "last_modified": "2026-05-20T06:38:13Z",
      "resolved": "github:NixOS/nixpkgs/d99b013d5d1931ad77fe3912ed218170dec5d9a4#flyctl",
      "source": "devbox-search",
      "version": "0.4.52",
      "systems": {
        "aarch64-darwin": {
          "outputs": [
            {
              "name": "out",
              "path": "/nix/store/pg48mas4hicaxhyapx8p4klrlhm1kpa0-flyctl-0.4.52",
              "default": true
            }
          ],
          "store_path": "/nix/store/pg48mas4hicaxhyapx8p4klrlhm1kpa0-flyctl-0.4.52"
        },
        "aarch64-linux": {
          "outputs": [
            {
              "name": "out",
              "path": "/nix/store/hayh6cwwrcbwx6p6v8jimd0bkhcappwy-flyctl-0.4.52",
              "default": true
            }
          ],
          "store_path": "/nix/store/hayh6cwwrcbwx6p6v8jimd0bkhcappwy-flyctl-0.4.52"
        },
        "x86_64-darwin": {
          "outputs": [
            {
              "name": "out",
              "path": "/nix/store/kds2yg47h3skzyd3h82wyq2n0kh772k9-flyctl-0.4.52",
              "default": true
            }
          ],
          "store_path": "/nix/store/kds2yg47h3skzyd3h82wyq2n0kh772k9-flyctl-0.4.52"
        },
        "x86_64-linux": {
          "outputs": [
            {
              "name": "out",
              "path": "/nix/store/64pbmiafamljpbkrsjwy9sn7vvgi720y-flyctl-0.4.52",
              "default": true
            }
          ],
          "store_path": "/nix/store/64pbmiafamljpbkrsjwy9sn7vvgi720y-flyctl-0.4.52"
        }
      }
    },
    "nodejs@20": {
      "last_modified": "2023-10-25T20:49:13Z",
      "plugin_version": "0.0.2",
      "resolved": "github:NixOS/nixpkgs/75a52265bda7fd25e06e3a67dee3f0354e73243c#nodejs_20",
      "source": "devbox-search",
      "version": "20.9.0",
      "systems": {
        "aarch64-darwin": {
          "store_path": "/nix/store/r8ppkdpxlmlv4magszy4xl816yf1s859-nodejs-20.9.0"
        },
        "aarch64-linux": {
          "store_path": "/nix/store/j0diijav3hh37amjl67wnq5n3f782ipn-nodejs-20.9.0"
        },
        "x86_64-darwin": {
          "store_path": "/nix/store/zxh8gvmynd5mzx9hf5bhidb4yy0k4g2s-nodejs-20.9.0"
        },
        "x86_64-linux": {
          "store_path": "/nix/store/17g2kfxglsl3rncfasqrxqs2g3bjin3k-nodejs-20.9.0"
        }
      }
    }
  }
}
