{
  "lockfile_version": "1",
  "packages": {
    "bun@1": {
      "last_modified": "2023-11-09T21:23:13Z",
      "resolved": "github:NixOS/nixpkgs/1f37660f64a850233baab512c9b9bd83fb72be57#bun",
      "source": "devbox-search",
      "version": "1.0.11",
      "systems": {
        "aarch64-darwin": {
          "store_path": "/nix/store/h5n8rgpkmd64q9ykxgifki7zn8g5iq7d-bun-1.0.11"
        },
        "aarch64-linux": {
          "store_path": "/nix/store/2x7a9cgdcssfcg72fqz7yxqwacc169n9-bun-1.0.11"
        },
        "x86_64-linux": {
          "store_path": "/nix/store/zqprz2gxw7vn23hjzkzdkvvyr3yjs1y1-bun-1.0.11"
        }
      }
    },
    "flyctl@0.1.127": {
      "last_modified": "2023-11-19T17:46:56Z",
      "resolved": "github:NixOS/nixpkgs/0bf3f5cf6a98b5d077cdcdb00a6d4b3d92bc78b5#flyctl",
      "source": "devbox-search",
      "version": "0.1.127",
      "systems": {
        "aarch64-darwin": {
          "store_path": "/nix/store/2ysmzrmqw9mk006m02p7sg2a3y871cqj-flyctl-0.1.127"
        },
        "aarch64-linux": {
          "store_path": "/nix/store/n1hpwpwdr2smxs4489rsj9ippq9vm1ra-flyctl-0.1.127"
        },
        "x86_64-darwin": {
          "store_path": "/nix/store/gpbrjpnj8q4cf7wbdhqd2bx82h18ycj8-flyctl-0.1.127"
        },
        "x86_64-linux": {
          "store_path": "/nix/store/y27kki46r3bfcsgjjdphizzcfsllpxif-flyctl-0.1.127"
        }
      }
    },
    "nodejs@20.19.6": {
      "last_modified": "2025-11-28T17:56:46Z",
      "plugin_version": "0.0.2",
      "resolved": "github:NixOS/nixpkgs/24e915b36ca87d32777d766da3a3f4e3ce22cc98#nodejs_20",
      "source": "devbox-search",
      "version": "20.19.6",
      "systems": {
        "aarch64-darwin": {
          "outputs": [
            {
              "name": "out",
              "path": "/nix/store/2kjd2hdrq0jwvp1bsprkc1l43igxklza-nodejs-20.19.6",
              "default": true
            },
            {
              "name": "dev",
              "path": "/nix/store/mps5aig52xhlzf5mfk8xgghpf9gwhn5y-nodejs-20.19.6-dev"
            },
            {
              "name": "libv8",
              "path": "/nix/store/k5kssw3cbqz4npj2mvr30nis2qa7lcnb-nodejs-20.19.6-libv8"
            }
          ],
          "store_path": "/nix/store/2kjd2hdrq0jwvp1bsprkc1l43igxklza-nodejs-20.19.6"
        },
        "aarch64-linux": {
          "outputs": [
            {
              "name": "out",
              "path": "/nix/store/7brhmf1z6sygq1ag0d0y802m2la9fv6w-nodejs-20.19.6",
              "default": true
            },
            {
              "name": "dev",
              "path": "/nix/store/884d8xk6fg8d3wsrjpa2h0kprvvjyrrr-nodejs-20.19.6-dev"
            },
            {
              "name": "libv8",
              "path": "/nix/store/m918hzjk216sqisk9iwfxcyxikf6522i-nodejs-20.19.6-libv8"
            }
          ],
          "store_path": "/nix/store/7brhmf1z6sygq1ag0d0y802m2la9fv6w-nodejs-20.19.6"
        },
        "x86_64-darwin": {
          "outputs": [
            {
              "name": "out",
              "path": "/nix/store/d3npj4fvi6d3kxq0dapxhl7shkcpg3cy-nodejs-20.19.6",
              "default": true
            },
            {
              "name": "dev",
              "path": "/nix/store/rga3fj4ps16krc71x74s5aq07wblw29x-nodejs-20.19.6-dev"
            },
            {
              "name": "libv8",
              "path": "/nix/store/xdk7gvvv1zysmzzjz2725iqgm9bkj3ks-nodejs-20.19.6-libv8"
            }
          ],
          "store_path": "/nix/store/d3npj4fvi6d3kxq0dapxhl7shkcpg3cy-nodejs-20.19.6"
        },
        "x86_64-linux": {
          "outputs": [
            {
              "name": "out",
              "path": "/nix/store/801vxv443kws1y38y858znrir51wd3l4-nodejs-20.19.6",
              "default": true
            },
            {
              "name": "dev",
              "path": "/nix/store/9jqb0gl4pc9zkry3xdqv4pqrbqjr46wc-nodejs-20.19.6-dev"
            },
            {
              "name": "libv8",
              "path": "/nix/store/1gfrzyw9p99jvxwdzcvss6wn5fbj8k69-nodejs-20.19.6-libv8"
            }
          ],
          "store_path": "/nix/store/801vxv443kws1y38y858znrir51wd3l4-nodejs-20.19.6"
        }
      }
    }
  }
}
